
Microsoft Visual Studio Solution File, Format Version 12.00
# Visual Studio Version 17
VisualStudioVersion = 17.7.34024.191
MinimumVisualStudioVersion = 10.0.40219.1
Project("{FAE04EC0-301F-11D3-BF4B-00C04F79EFBC}") = "WebAppDemo", "WebAppDemo\WebAppDemo.csproj", "{C1F81F66-DED7-4564-9FC4-4A69EA98CABF}"
EndProject
Global
	GlobalSection(SolutionConfigurationPlatforms) = preSolution
		Debug|Any CPU = Debug|Any CPU
		Release|Any CPU = Release|Any CPU
	EndGlobalSection
	GlobalSection(ProjectConfigurationPlatforms) = postSolution
		{C1F81F66-DED7-4564-9FC4-4A69EA98CABF}.Debug|Any CPU.ActiveCfg = Debug|Any CPU
		{C1F81F66-DED7-4564-9FC4-4A69EA98CABF}.Debug|Any CPU.Build.0 = Debug|Any CPU
		{C1F81F66-DED7-4564-9FC4-4A69EA98CABF}.Release|Any CPU.ActiveCfg = Release|Any CPU
		{C1F81F66-DED7-4564-9FC4-4A69EA98CABF}.Release|Any CPU.Build.0 = Release|Any CPU
	EndGlobalSection
	GlobalSection(SolutionProperties) = preSolution
		HideSolutionNode = FALSE
	EndGlobalSection
	GlobalSection(ExtensibilityGlobals) = postSolution
		SolutionGuid = {FE5FD1A3-1DB4-40C4-B190-6393295CC8C0}
	EndGlobalSection
EndGlobal
